
Microsoft Visual Studio Solution File, Format Version 12.00
# Visual Studio Version 17
VisualStudioVersion = 17.7.34024.191
MinimumVisualStudioVersion = 10.0.40219.1
Project("{FAE04EC0-301F-11D3-BF4B-00C04F79EFBC}") = "lab_2", "lab_2.csproj", "{55548ADD-A7C1-4AF3-B32D-D2707A0DE448}"
EndProject
Global
	GlobalSection(SolutionConfigurationPlatforms) = preSolution
		Debug|Any CPU = Debug|Any CPU
		Release|Any CPU = Release|Any CPU
	EndGlobalSection
	GlobalSection(ProjectConfigurationPlatforms) = postSolution
		{55548ADD-A7C1-4AF3-B32D-D2707A0DE448}.Debug|Any CPU.ActiveCfg = Debug|Any CPU
		{55548ADD-A7C1-4AF3-B32D-D2707A0DE448}.Debug|Any CPU.Build.0 = Debug|Any CPU
		{55548ADD-A7C1-4AF3-B32D-D2707A0DE448}.Release|Any CPU.ActiveCfg = Release|Any CPU
		{55548ADD-A7C1-4AF3-B32D-D2707A0DE448}.Release|Any CPU.Build.0 = Release|Any CPU
	EndGlobalSection
	GlobalSection(SolutionProperties) = preSolution
		HideSolutionNode = FALSE
	EndGlobalSection
	GlobalSection(ExtensibilityGlobals) = postSolution
		SolutionGuid = {4E38406E-0AAB-43AA-9F5A-EA3BC2C6B341}
	EndGlobalSection
EndGlobal
